
Microsoft Visual Studio Solution File, Format Version 12.00
# Visual Studio Version 16
VisualStudioVersion = 16.0.32106.194
MinimumVisualStudioVersion = 10.0.40219.1
Project("{FAE04EC0-301F-11D3-BF4B-00C04F79EFBC}") = "Login_and_Reg", "Login_and_Reg\Login_and_Reg.csproj", "{00ADD420-1406-47C9-8816-F61EB3837A76}"
EndProject
Global
	GlobalSection(SolutionConfigurationPlatforms) = preSolution
		Debug|Any CPU = Debug|Any CPU
		Release|Any CPU = Release|Any CPU
	EndGlobalSection
	GlobalSection(ProjectConfigurationPlatforms) = postSolution
		{00ADD420-1406-47C9-8816-F61EB3837A76}.Debug|Any CPU.ActiveCfg = Debug|Any CPU
		{00ADD420-1406-47C9-8816-F61EB3837A76}.Debug|Any CPU.Build.0 = Debug|Any CPU
		{00ADD420-1406-47C9-8816-F61EB3837A76}.Release|Any CPU.ActiveCfg = Release|Any CPU
		{00ADD420-1406-47C9-8816-F61EB3837A76}.Release|Any CPU.Build.0 = Release|Any CPU
	EndGlobalSection
	GlobalSection(SolutionProperties) = preSolution
		HideSolutionNode = FALSE
	EndGlobalSection
	GlobalSection(ExtensibilityGlobals) = postSolution
		SolutionGuid = {521157B6-F610-4C7A-8D2C-6C8B256F2627}
	EndGlobalSection
EndGlobal
